
Microsoft Visual Studio Solution File, Format Version 12.00
# Visual Studio Version 17
VisualStudioVersion = 17.0.31903.59
MinimumVisualStudioVersion = 10.0.40219.1
Project("{2150E333-8FDC-42A3-9474-1A3956D46DE8}") = "src", "src", "{827E0CD3-B72D-47B6-A68D-7590B98EB39B}"
EndProject
Project("{FAE04EC0-301F-11D3-BF4B-00C04F79EFBC}") = "PapirFly.Domain", "src\PapirFly.Domain\PapirFly.Domain.csproj", "{17DC2861-3B76-4EBF-AF8C-1EC47B722295}"
EndProject
Project("{FAE04EC0-301F-11D3-BF4B-00C04F79EFBC}") = "PapirFly.Application", "src\PapirFly.Application\PapirFly.Application.csproj", "{D3E40C9B-A398-4E57-AA3D-DBF0E3773A7E}"
EndProject
Project("{FAE04EC0-301F-11D3-BF4B-00C04F79EFBC}") = "PapirFly.Infrastructure", "src\PapirFly.Infrastructure\PapirFly.Infrastructure.csproj", "{F8B317FC-62EE-4ED4-A774-8C45CCCE1C94}"
EndProject
Project("{FAE04EC0-301F-11D3-BF4B-00C04F79EFBC}") = "PapirFly.Api", "src\PapirFly.Api\PapirFly.Api.csproj", "{8C3B7DFD-DC72-4761-8007-23F68EEDE47E}"
EndProject
Project("{2150E333-8FDC-42A3-9474-1A3956D46DE8}") = "tests", "tests", "{0AB3BF05-4346-4AA6-1389-037BE0695223}"
EndProject
Project("{FAE04EC0-301F-11D3-BF4B-00C04F79EFBC}") = "PapirFly.UnitTests", "tests\PapirFly.UnitTests\PapirFly.UnitTests.csproj", "{BDF05662-3D9D-4937-AAC8-3B5319C7E996}"
EndProject
Project("{FAE04EC0-301F-11D3-BF4B-00C04F79EFBC}") = "PapirFly.IntegrationTests", "tests\PapirFly.IntegrationTests\PapirFly.IntegrationTests.csproj", "{C73761DB-4DEB-4DF7-B59D-39140BA65AB9}"
EndProject
Global
	GlobalSection(SolutionConfigurationPlatforms) = preSolution
		Debug|Any CPU = Debug|Any CPU
		Debug|x64 = Debug|x64
		Debug|x86 = Debug|x86
		Release|Any CPU = Release|Any CPU
		Release|x64 = Release|x64
		Release|x86 = Release|x86
	EndGlobalSection
	GlobalSection(ProjectConfigurationPlatforms) = postSolution
		{17DC2861-3B76-4EBF-AF8C-1EC47B722295}.Debug|Any CPU.ActiveCfg = Debug|Any CPU
		{17DC2861-3B76-4EBF-AF8C-1EC47B722295}.Debug|Any CPU.Build.0 = Debug|Any CPU
		{17DC2861-3B76-4EBF-AF8C-1EC47B722295}.Debug|x64.ActiveCfg = Debug|Any CPU
		{17DC2861-3B76-4EBF-AF8C-1EC47B722295}.Debug|x64.Build.0 = Debug|Any CPU
		{17DC2861-3B76-4EBF-AF8C-1EC47B722295}.Debug|x86.ActiveCfg = Debug|Any CPU
		{17DC2861-3B76-4EBF-AF8C-1EC47B722295}.Debug|x86.Build.0 = Debug|Any CPU
		{17DC2861-3B76-4EBF-AF8C-1EC47B722295}.Release|Any CPU.ActiveCfg = Release|Any CPU
		{17DC2861-3B76-4EBF-AF8C-1EC47B722295}.Release|Any CPU.Build.0 = Release|Any CPU
		{17DC2861-3B76-4EBF-AF8C-1EC47B722295}.Release|x64.ActiveCfg = Release|Any CPU
		{17DC2861-3B76-4EBF-AF8C-1EC47B722295}.Release|x64.Build.0 = Release|Any CPU
		{17DC2861-3B76-4EBF-AF8C-1EC47B722295}.Release|x86.ActiveCfg = Release|Any CPU
		{17DC2861-3B76-4EBF-AF8C-1EC47B722295}.Release|x86.Build.0 = Release|Any CPU
		{D3E40C9B-A398-4E57-AA3D-DBF0E3773A7E}.Debug|Any CPU.ActiveCfg = Debug|Any CPU
		{D3E40C9B-A398-4E57-AA3D-DBF0E3773A7E}.Debug|Any CPU.Build.0 = Debug|Any CPU
		{D3E40C9B-A398-4E57-AA3D-DBF0E3773A7E}.Debug|x64.ActiveCfg = Debug|Any CPU
		{D3E40C9B-A398-4E57-AA3D-DBF0E3773A7E}.Debug|x64.Build.0 = Debug|Any CPU
		{D3E40C9B-A398-4E57-AA3D-DBF0E3773A7E}.Debug|x86.ActiveCfg = Debug|Any CPU
		{D3E40C9B-A398-4E57-AA3D-DBF0E3773A7E}.Debug|x86.Build.0 = Debug|Any CPU
		{D3E40C9B-A398-4E57-AA3D-DBF0E3773A7E}.Release|Any CPU.ActiveCfg = Release|Any CPU
		{D3E40C9B-A398-4E57-AA3D-DBF0E3773A7E}.Release|Any CPU.Build.0 = Release|Any CPU
		{D3E40C9B-A398-4E57-AA3D-DBF0E3773A7E}.Release|x64.ActiveCfg = Release|Any CPU
		{D3E40C9B-A398-4E57-AA3D-DBF0E3773A7E}.Release|x64.Build.0 = Release|Any CPU
		{D3E40C9B-A398-4E57-AA3D-DBF0E3773A7E}.Release|x86.ActiveCfg = Release|Any CPU
		{D3E40C9B-A398-4E57-AA3D-DBF0E3773A7E}.Release|x86.Build.0 = Release|Any CPU
		{F8B317FC-62EE-4ED4-A774-8C45CCCE1C94}.Debug|Any CPU.ActiveCfg = Debug|Any CPU
		{F8B317FC-62EE-4ED4-A774-8C45CCCE1C94}.Debug|Any CPU.Build.0 = Debug|Any CPU
		{F8B317FC-62EE-4ED4-A774-8C45CCCE1C94}.Debug|x64.ActiveCfg = Debug|Any CPU
		{F8B317FC-62EE-4ED4-A774-8C45CCCE1C94}.Debug|x64.Build.0 = Debug|Any CPU
		{F8B317FC-62EE-4ED4-A774-8C45CCCE1C94}.Debug|x86.ActiveCfg = Debug|Any CPU
		{F8B317FC-62EE-4ED4-A774-8C45CCCE1C94}.Debug|x86.Build.0 = Debug|Any CPU
		{F8B317FC-62EE-4ED4-A774-8C45CCCE1C94}.Release|Any CPU.ActiveCfg = Release|Any CPU
		{F8B317FC-62EE-4ED4-A774-8C45CCCE1C94}.Release|Any CPU.Build.0 = Release|Any CPU
		{F8B317FC-62EE-4ED4-A774-8C45CCCE1C94}.Release|x64.ActiveCfg = Release|Any CPU
		{F8B317FC-62EE-4ED4-A774-8C45CCCE1C94}.Release|x64.Build.0 = Release|Any CPU
		{F8B317FC-62EE-4ED4-A774-8C45CCCE1C94}.Release|x86.ActiveCfg = Release|Any CPU
		{F8B317FC-62EE-4ED4-A774-8C45CCCE1C94}.Release|x86.Build.0 = Release|Any CPU
		{8C3B7DFD-DC72-4761-8007-23F68EEDE47E}.Debug|Any CPU.ActiveCfg = Debug|Any CPU
		{8C3B7DFD-DC72-4761-8007-23F68EEDE47E}.Debug|Any CPU.Build.0 = Debug|Any CPU
		{8C3B7DFD-DC72-4761-8007-23F68EEDE47E}.Debug|x64.ActiveCfg = Debug|Any CPU
		{8C3B7DFD-DC72-4761-8007-23F68EEDE47E}.Debug|x64.Build.0 = Debug|Any CPU
		{8C3B7DFD-DC72-4761-8007-23F68EEDE47E}.Debug|x86.ActiveCfg = Debug|Any CPU
		{8C3B7DFD-DC72-4761-8007-23F68EEDE47E}.Debug|x86.Build.0 = Debug|Any CPU
		{8C3B7DFD-DC72-4761-8007-23F68EEDE47E}.Release|Any CPU.ActiveCfg = Release|Any CPU
		{8C3B7DFD-DC72-4761-8007-23F68EEDE47E}.Release|Any CPU.Build.0 = Release|Any CPU
		{8C3B7DFD-DC72-4761-8007-23F68EEDE47E}.Release|x64.ActiveCfg = Release|Any CPU
		{8C3B7DFD-DC72-4761-8007-23F68EEDE47E}.Release|x64.Build.0 = Release|Any CPU
		{8C3B7DFD-DC72-4761-8007-23F68EEDE47E}.Release|x86.ActiveCfg = Release|Any CPU
		{8C3B7DFD-DC72-4761-8007-23F68EEDE47E}.Release|x86.Build.0 = Release|Any CPU
		{BDF05662-3D9D-4937-AAC8-3B5319C7E996}.Debug|Any CPU.ActiveCfg = Debug|Any CPU
		{BDF05662-3D9D-4937-AAC8-3B5319C7E996}.Debug|Any CPU.Build.0 = Debug|Any CPU
		{BDF05662-3D9D-4937-AAC8-3B5319C7E996}.Debug|x64.ActiveCfg = Debug|Any CPU
		{BDF05662-3D9D-4937-AAC8-3B5319C7E996}.Debug|x64.Build.0 = Debug|Any CPU
		{BDF05662-3D9D-4937-AAC8-3B5319C7E996}.Debug|x86.ActiveCfg = Debug|Any CPU
		{BDF05662-3D9D-4937-AAC8-3B5319C7E996}.Debug|x86.Build.0 = Debug|Any CPU
		{BDF05662-3D9D-4937-AAC8-3B5319C7E996}.Release|Any CPU.ActiveCfg = Release|Any CPU
		{BDF05662-3D9D-4937-AAC8-3B5319C7E996}.Release|Any CPU.Build.0 = Release|Any CPU
		{BDF05662-3D9D-4937-AAC8-3B5319C7E996}.Release|x64.ActiveCfg = Release|Any CPU
		{BDF05662-3D9D-4937-AAC8-3B5319C7E996}.Release|x64.Build.0 = Release|Any CPU
		{BDF05662-3D9D-4937-AAC8-3B5319C7E996}.Release|x86.ActiveCfg = Release|Any CPU
		{BDF05662-3D9D-4937-AAC8-3B5319C7E996}.Release|x86.Build.0 = Release|Any CPU
		{C73761DB-4DEB-4DF7-B59D-39140BA65AB9}.Debug|Any CPU.ActiveCfg = Debug|Any CPU
		{C73761DB-4DEB-4DF7-B59D-39140BA65AB9}.Debug|Any CPU.Build.0 = Debug|Any CPU
		{C73761DB-4DEB-4DF7-B59D-39140BA65AB9}.Debug|x64.ActiveCfg = Debug|Any CPU
		{C73761DB-4DEB-4DF7-B59D-39140BA65AB9}.Debug|x64.Build.0 = Debug|Any CPU
		{C73761DB-4DEB-4DF7-B59D-39140BA65AB9}.Debug|x86.ActiveCfg = Debug|Any CPU
		{C73761DB-4DEB-4DF7-B59D-39140BA65AB9}.Debug|x86.Build.0 = Debug|Any CPU
		{C73761DB-4DEB-4DF7-B59D-39140BA65AB9}.Release|Any CPU.ActiveCfg = Release|Any CPU
		{C73761DB-4DEB-4DF7-B59D-39140BA65AB9}.Release|Any CPU.Build.0 = Release|Any CPU
		{C73761DB-4DEB-4DF7-B59D-39140BA65AB9}.Release|x64.ActiveCfg = Release|Any CPU
		{C73761DB-4DEB-4DF7-B59D-39140BA65AB9}.Release|x64.Build.0 = Release|Any CPU
		{C73761DB-4DEB-4DF7-B59D-39140BA65AB9}.Release|x86.ActiveCfg = Release|Any CPU
		{C73761DB-4DEB-4DF7-B59D-39140BA65AB9}.Release|x86.Build.0 = Release|Any CPU
	EndGlobalSection
	GlobalSection(SolutionProperties) = preSolution
		HideSolutionNode = FALSE
	EndGlobalSection
	GlobalSection(NestedProjects) = preSolution
		{17DC2861-3B76-4EBF-AF8C-1EC47B722295} = {827E0CD3-B72D-47B6-A68D-7590B98EB39B}
		{D3E40C9B-A398-4E57-AA3D-DBF0E3773A7E} = {827E0CD3-B72D-47B6-A68D-7590B98EB39B}
		{F8B317FC-62EE-4ED4-A774-8C45CCCE1C94} = {827E0CD3-B72D-47B6-A68D-7590B98EB39B}
		{8C3B7DFD-DC72-4761-8007-23F68EEDE47E} = {827E0CD3-B72D-47B6-A68D-7590B98EB39B}
		{BDF05662-3D9D-4937-AAC8-3B5319C7E996} = {0AB3BF05-4346-4AA6-1389-037BE0695223}
		{C73761DB-4DEB-4DF7-B59D-39140BA65AB9} = {0AB3BF05-4346-4AA6-1389-037BE0695223}
	EndGlobalSection
EndGlobal
